// !$*UTF8*$!
{
	archiveVersion = 1;
	classes = {
	};
	objectVersion = 50;
	objects = {

/* Begin PBXBuildFile section */
		6A48C543226E12BD0079B4A1 /* Structs.swift in Sources */ = {isa = PBXBuildFile; fileRef = 6A48C542226E12BD0079B4A1 /* Structs.swift */; };
		6A48C545226E12D70079B4A1 /* DataFetcher.swift in Sources */ = {isa = PBXBuildFile; fileRef = 6A48C544226E12D70079B4A1 /* DataFetcher.swift */; };
		6AC3C47C226C887700E3C595 /* SignupNameViewController.swift in Sources */ = {isa = PBXBuildFile; fileRef = 6AC3C47B226C887700E3C595 /* SignupNameViewController.swift */; };
		6AC3C47D226C887700E3C595 /* SignupNameViewController.swift in Sources */ = {isa = PBXBuildFile; fileRef = 6AC3C47B226C887700E3C595 /* SignupNameViewController.swift */; };
		6AC3C47E226C887700E3C595 /* SignupNameViewController.swift in Sources */ = {isa = PBXBuildFile; fileRef = 6AC3C47B226C887700E3C595 /* SignupNameViewController.swift */; };
		6AC3C484226C88D900E3C595 /* SignupSkillsTableViewController.swift in Sources */ = {isa = PBXBuildFile; fileRef = 6AC3C483226C88D900E3C595 /* SignupSkillsTableViewController.swift */; };
		6AC3C485226C88D900E3C595 /* SignupSkillsTableViewController.swift in Sources */ = {isa = PBXBuildFile; fileRef = 6AC3C483226C88D900E3C595 /* SignupSkillsTableViewController.swift */; };
		6AC3C486226C88D900E3C595 /* SignupSkillsTableViewController.swift in Sources */ = {isa = PBXBuildFile; fileRef = 6AC3C483226C88D900E3C595 /* SignupSkillsTableViewController.swift */; };
		6AC3C488226F03C000E3C595 /* SignupSkillsViewController.swift in Sources */ = {isa = PBXBuildFile; fileRef = 6AC3C487226F03C000E3C595 /* SignupSkillsViewController.swift */; };
		6AC3C48B226F350700E3C595 /* User.swift in Sources */ = {isa = PBXBuildFile; fileRef = 954297AD226DBBFF00AA8E8F /* User.swift */; };
		6AC3C48C226F350800E3C595 /* User.swift in Sources */ = {isa = PBXBuildFile; fileRef = 954297AD226DBBFF00AA8E8F /* User.swift */; };
		9542975F2265C2A700AA8E8F /* AppDelegate.swift in Sources */ = {isa = PBXBuildFile; fileRef = 9542975E2265C2A700AA8E8F /* AppDelegate.swift */; };
		954297612265C2A700AA8E8F /* ViewController.swift in Sources */ = {isa = PBXBuildFile; fileRef = 954297602265C2A700AA8E8F /* ViewController.swift */; };
		954297642265C2A700AA8E8F /* Main.storyboard in Resources */ = {isa = PBXBuildFile; fileRef = 954297622265C2A700AA8E8F /* Main.storyboard */; };
		954297672265C2A700AA8E8F /* Headlight.xcdatamodeld in Sources */ = {isa = PBXBuildFile; fileRef = 954297652265C2A700AA8E8F /* Headlight.xcdatamodeld */; };
		954297692265C2A900AA8E8F /* Assets.xcassets in Resources */ = {isa = PBXBuildFile; fileRef = 954297682265C2A900AA8E8F /* Assets.xcassets */; };
		9542976C2265C2A900AA8E8F /* LaunchScreen.storyboard in Resources */ = {isa = PBXBuildFile; fileRef = 9542976A2265C2A900AA8E8F /* LaunchScreen.storyboard */; };
		954297772265C2A900AA8E8F /* HeadlightTests.swift in Sources */ = {isa = PBXBuildFile; fileRef = 954297762265C2A900AA8E8F /* HeadlightTests.swift */; };
		954297822265C2A900AA8E8F /* HeadlightUITests.swift in Sources */ = {isa = PBXBuildFile; fileRef = 954297812265C2A900AA8E8F /* HeadlightUITests.swift */; };
		954297922265C31200AA8E8F /* Mikko.storyboard in Resources */ = {isa = PBXBuildFile; fileRef = 954297912265C31200AA8E8F /* Mikko.storyboard */; };
		954297942265C37600AA8E8F /* Tuomas.storyboard in Resources */ = {isa = PBXBuildFile; fileRef = 954297932265C37600AA8E8F /* Tuomas.storyboard */; };
		954297962265C37F00AA8E8F /* Janne.storyboard in Resources */ = {isa = PBXBuildFile; fileRef = 954297952265C37F00AA8E8F /* Janne.storyboard */; };
		954297982265C38800AA8E8F /* Elias.storyboard in Resources */ = {isa = PBXBuildFile; fileRef = 954297972265C38800AA8E8F /* Elias.storyboard */; };
		9542979A2265C39500AA8E8F /* Hamed.storyboard in Resources */ = {isa = PBXBuildFile; fileRef = 954297992265C39500AA8E8F /* Hamed.storyboard */; };
		9542979E226DB1AC00AA8E8F /* CoreDataHelper.swift in Sources */ = {isa = PBXBuildFile; fileRef = 9542979D226DB1AC00AA8E8F /* CoreDataHelper.swift */; };
		954297A8226DB5C700AA8E8F /* Skills.swift in Sources */ = {isa = PBXBuildFile; fileRef = 954297A7226DB5C700AA8E8F /* Skills.swift */; };
		954297AE226DBBFF00AA8E8F /* User.swift in Sources */ = {isa = PBXBuildFile; fileRef = 954297AD226DBBFF00AA8E8F /* User.swift */; };
		954297B1226DBC7D00AA8E8F /* UserData+CoreDataClass.swift in Sources */ = {isa = PBXBuildFile; fileRef = 954297AF226DBC7D00AA8E8F /* UserData+CoreDataClass.swift */; };
		954297B2226DBC7D00AA8E8F /* UserData+CoreDataProperties.swift in Sources */ = {isa = PBXBuildFile; fileRef = 954297B0226DBC7D00AA8E8F /* UserData+CoreDataProperties.swift */; };
		954297B4226DC3D000AA8E8F /* UserCoreDataTests.swift in Sources */ = {isa = PBXBuildFile; fileRef = 954297B3226DC3D000AA8E8F /* UserCoreDataTests.swift */; };
/* End PBXBuildFile section */

/* Begin PBXContainerItemProxy section */
		954297732265C2A900AA8E8F /* PBXContainerItemProxy */ = {
			isa = PBXContainerItemProxy;
			containerPortal = 954297532265C2A700AA8E8F /* Project object */;
			proxyType = 1;
			remoteGlobalIDString = 9542975A2265C2A700AA8E8F;
			remoteInfo = Headlight;
		};
		9542977E2265C2A900AA8E8F /* PBXContainerItemProxy */ = {
			isa = PBXContainerItemProxy;
			containerPortal = 954297532265C2A700AA8E8F /* Project object */;
			proxyType = 1;
			remoteGlobalIDString = 9542975A2265C2A700AA8E8F;
			remoteInfo = Headlight;
		};
/* End PBXContainerItemProxy section */

/* Begin PBXFileReference section */
		6A48C4FE2265D6910079B4A1 /* data_template.json */ = {isa = PBXFileReference; lastKnownFileType = text.json; path = data_template.json; sourceTree = "<group>"; };
		6A48C542226E12BD0079B4A1 /* Structs.swift */ = {isa = PBXFileReference; lastKnownFileType = sourcecode.swift; path = Structs.swift; sourceTree = "<group>"; };
		6A48C544226E12D70079B4A1 /* DataFetcher.swift */ = {isa = PBXFileReference; lastKnownFileType = sourcecode.swift; path = DataFetcher.swift; sourceTree = "<group>"; };
		6AC3C47B226C887700E3C595 /* SignupNameViewController.swift */ = {isa = PBXFileReference; lastKnownFileType = sourcecode.swift; path = SignupNameViewController.swift; sourceTree = "<group>"; };
		6AC3C483226C88D900E3C595 /* SignupSkillsTableViewController.swift */ = {isa = PBXFileReference; lastKnownFileType = sourcecode.swift; path = SignupSkillsTableViewController.swift; sourceTree = "<group>"; };
		6AC3C487226F03C000E3C595 /* SignupSkillsViewController.swift */ = {isa = PBXFileReference; lastKnownFileType = sourcecode.swift; path = SignupSkillsViewController.swift; sourceTree = "<group>"; };
		9542975B2265C2A700AA8E8F /* Headlight.app */ = {isa = PBXFileReference; explicitFileType = wrapper.application; includeInIndex = 0; path = Headlight.app; sourceTree = BUILT_PRODUCTS_DIR; };
		9542975E2265C2A700AA8E8F /* AppDelegate.swift */ = {isa = PBXFileReference; lastKnownFileType = sourcecode.swift; path = AppDelegate.swift; sourceTree = "<group>"; };
		954297602265C2A700AA8E8F /* ViewController.swift */ = {isa = PBXFileReference; lastKnownFileType = sourcecode.swift; path = ViewController.swift; sourceTree = "<group>"; };
		954297632265C2A700AA8E8F /* Base */ = {isa = PBXFileReference; lastKnownFileType = file.storyboard; name = Base; path = Base.lproj/Main.storyboard; sourceTree = "<group>"; };
		954297662265C2A700AA8E8F /* Headlight.xcdatamodel */ = {isa = PBXFileReference; lastKnownFileType = wrapper.xcdatamodel; path = Headlight.xcdatamodel; sourceTree = "<group>"; };
		954297682265C2A900AA8E8F /* Assets.xcassets */ = {isa = PBXFileReference; lastKnownFileType = folder.assetcatalog; path = Assets.xcassets; sourceTree = "<group>"; };
		9542976B2265C2A900AA8E8F /* Base */ = {isa = PBXFileReference; lastKnownFileType = file.storyboard; name = Base; path = Base.lproj/LaunchScreen.storyboard; sourceTree = "<group>"; };
		9542976D2265C2A900AA8E8F /* Info.plist */ = {isa = PBXFileReference; lastKnownFileType = text.plist.xml; path = Info.plist; sourceTree = "<group>"; };
		954297722265C2A900AA8E8F /* HeadlightTests.xctest */ = {isa = PBXFileReference; explicitFileType = wrapper.cfbundle; includeInIndex = 0; path = HeadlightTests.xctest; sourceTree = BUILT_PRODUCTS_DIR; };
		954297762265C2A900AA8E8F /* HeadlightTests.swift */ = {isa = PBXFileReference; lastKnownFileType = sourcecode.swift; path = HeadlightTests.swift; sourceTree = "<group>"; };
		954297782265C2A900AA8E8F /* Info.plist */ = {isa = PBXFileReference; lastKnownFileType = text.plist.xml; path = Info.plist; sourceTree = "<group>"; };
		9542977D2265C2A900AA8E8F /* HeadlightUITests.xctest */ = {isa = PBXFileReference; explicitFileType = wrapper.cfbundle; includeInIndex = 0; path = HeadlightUITests.xctest; sourceTree = BUILT_PRODUCTS_DIR; };
		954297812265C2A900AA8E8F /* HeadlightUITests.swift */ = {isa = PBXFileReference; lastKnownFileType = sourcecode.swift; path = HeadlightUITests.swift; sourceTree = "<group>"; };
		954297832265C2A900AA8E8F /* Info.plist */ = {isa = PBXFileReference; lastKnownFileType = text.plist.xml; path = Info.plist; sourceTree = "<group>"; };
		954297912265C31200AA8E8F /* Mikko.storyboard */ = {isa = PBXFileReference; lastKnownFileType = file.storyboard; path = Mikko.storyboard; sourceTree = "<group>"; };
		954297932265C37600AA8E8F /* Tuomas.storyboard */ = {isa = PBXFileReference; lastKnownFileType = file.storyboard; path = Tuomas.storyboard; sourceTree = "<group>"; };
		954297952265C37F00AA8E8F /* Janne.storyboard */ = {isa = PBXFileReference; lastKnownFileType = file.storyboard; path = Janne.storyboard; sourceTree = "<group>"; };
		954297972265C38800AA8E8F /* Elias.storyboard */ = {isa = PBXFileReference; lastKnownFileType = file.storyboard; path = Elias.storyboard; sourceTree = "<group>"; };
		954297992265C39500AA8E8F /* Hamed.storyboard */ = {isa = PBXFileReference; lastKnownFileType = file.storyboard; path = Hamed.storyboard; sourceTree = "<group>"; };
		9542979D226DB1AC00AA8E8F /* CoreDataHelper.swift */ = {isa = PBXFileReference; lastKnownFileType = sourcecode.swift; path = CoreDataHelper.swift; sourceTree = "<group>"; };
		954297A7226DB5C700AA8E8F /* Skills.swift */ = {isa = PBXFileReference; lastKnownFileType = sourcecode.swift; path = Skills.swift; sourceTree = "<group>"; };
		954297AD226DBBFF00AA8E8F /* User.swift */ = {isa = PBXFileReference; lastKnownFileType = sourcecode.swift; path = User.swift; sourceTree = "<group>"; };
		954297AF226DBC7D00AA8E8F /* UserData+CoreDataClass.swift */ = {isa = PBXFileReference; lastKnownFileType = sourcecode.swift; path = "UserData+CoreDataClass.swift"; sourceTree = "<group>"; };
		954297B0226DBC7D00AA8E8F /* UserData+CoreDataProperties.swift */ = {isa = PBXFileReference; lastKnownFileType = sourcecode.swift; path = "UserData+CoreDataProperties.swift"; sourceTree = "<group>"; };
		954297B3226DC3D000AA8E8F /* UserCoreDataTests.swift */ = {isa = PBXFileReference; lastKnownFileType = sourcecode.swift; path = UserCoreDataTests.swift; sourceTree = "<group>"; };
/* End PBXFileReference section */

/* Begin PBXFrameworksBuildPhase section */
		954297582265C2A700AA8E8F /* Frameworks */ = {
			isa = PBXFrameworksBuildPhase;
			buildActionMask = 2147483647;
			files = (
			);
			runOnlyForDeploymentPostprocessing = 0;
		};
		9542976F2265C2A900AA8E8F /* Frameworks */ = {
			isa = PBXFrameworksBuildPhase;
			buildActionMask = 2147483647;
			files = (
			);
			runOnlyForDeploymentPostprocessing = 0;
		};
		9542977A2265C2A900AA8E8F /* Frameworks */ = {
			isa = PBXFrameworksBuildPhase;
			buildActionMask = 2147483647;
			files = (
			);
			runOnlyForDeploymentPostprocessing = 0;
		};
/* End PBXFrameworksBuildPhase section */

/* Begin PBXGroup section */
		6AC3C479226C880100E3C595 /* View Controllers */ = {
			isa = PBXGroup;
			children = (
				6AC3C47A226C882B00E3C595 /* Signup */,
			);
			path = "View Controllers";
			sourceTree = "<group>";
		};
		6AC3C47A226C882B00E3C595 /* Signup */ = {
			isa = PBXGroup;
			children = (
				6AC3C47B226C887700E3C595 /* SignupNameViewController.swift */,
				6AC3C483226C88D900E3C595 /* SignupSkillsTableViewController.swift */,
				6AC3C487226F03C000E3C595 /* SignupSkillsViewController.swift */,
			);
			path = Signup;
			sourceTree = "<group>";
		};
		954297522265C2A700AA8E8F = {
			isa = PBXGroup;
			children = (
				954297AF226DBC7D00AA8E8F /* UserData+CoreDataClass.swift */,
				954297B0226DBC7D00AA8E8F /* UserData+CoreDataProperties.swift */,
				9542975D2265C2A700AA8E8F /* Headlight */,
				954297752265C2A900AA8E8F /* HeadlightTests */,
				954297802265C2A900AA8E8F /* HeadlightUITests */,
				9542975C2265C2A700AA8E8F /* Products */,
			);
			sourceTree = "<group>";
		};
		9542975C2265C2A700AA8E8F /* Products */ = {
			isa = PBXGroup;
			children = (
				9542975B2265C2A700AA8E8F /* Headlight.app */,
				954297722265C2A900AA8E8F /* HeadlightTests.xctest */,
				9542977D2265C2A900AA8E8F /* HeadlightUITests.xctest */,
			);
			name = Products;
			sourceTree = "<group>";
		};
		9542975D2265C2A700AA8E8F /* Headlight */ = {
			isa = PBXGroup;
			children = (
				6AC3C479226C880100E3C595 /* View Controllers */,
				954297902265C2E000AA8E8F /* Storyboards */,
				9542975E2265C2A700AA8E8F /* AppDelegate.swift */,
				954297602265C2A700AA8E8F /* ViewController.swift */,
				954297622265C2A700AA8E8F /* Main.storyboard */,
				954297682265C2A900AA8E8F /* Assets.xcassets */,
				9542976A2265C2A900AA8E8F /* LaunchScreen.storyboard */,
				9542976D2265C2A900AA8E8F /* Info.plist */,
				954297652265C2A700AA8E8F /* Headlight.xcdatamodeld */,
				6A48C4FE2265D6910079B4A1 /* data_template.json */,
				9542979D226DB1AC00AA8E8F /* CoreDataHelper.swift */,
				954297A7226DB5C700AA8E8F /* Skills.swift */,
				954297AD226DBBFF00AA8E8F /* User.swift */,
				6A48C542226E12BD0079B4A1 /* Structs.swift */,
				6A48C544226E12D70079B4A1 /* DataFetcher.swift */,
			);
			path = Headlight;
			sourceTree = "<group>";
		};
		954297752265C2A900AA8E8F /* HeadlightTests */ = {
			isa = PBXGroup;
			children = (
				954297762265C2A900AA8E8F /* HeadlightTests.swift */,
				954297782265C2A900AA8E8F /* Info.plist */,
				954297B3226DC3D000AA8E8F /* UserCoreDataTests.swift */,
			);
			path = HeadlightTests;
			sourceTree = "<group>";
		};
		954297802265C2A900AA8E8F /* HeadlightUITests */ = {
			isa = PBXGroup;
			children = (
				954297812265C2A900AA8E8F /* HeadlightUITests.swift */,
				954297832265C2A900AA8E8F /* Info.plist */,
			);
			path = HeadlightUITests;
			sourceTree = "<group>";
		};
		954297902265C2E000AA8E8F /* Storyboards */ = {
			isa = PBXGroup;
			children = (
				954297912265C31200AA8E8F /* Mikko.storyboard */,
				954297932265C37600AA8E8F /* Tuomas.storyboard */,
				954297952265C37F00AA8E8F /* Janne.storyboard */,
				954297972265C38800AA8E8F /* Elias.storyboard */,
				954297992265C39500AA8E8F /* Hamed.storyboard */,
			);
			path = Storyboards;
			sourceTree = "<group>";
		};
/* End PBXGroup section */

/* Begin PBXNativeTarget section */
		9542975A2265C2A700AA8E8F /* Headlight */ = {
			isa = PBXNativeTarget;
			buildConfigurationList = 954297862265C2A900AA8E8F /* Build configuration list for PBXNativeTarget "Headlight" */;
			buildPhases = (
				954297572265C2A700AA8E8F /* Sources */,
				954297582265C2A700AA8E8F /* Frameworks */,
				954297592265C2A700AA8E8F /* Resources */,
			);
			buildRules = (
			);
			dependencies = (
			);
			name = Headlight;
			productName = Headlight;
			productReference = 9542975B2265C2A700AA8E8F /* Headlight.app */;
			productType = "com.apple.product-type.application";
		};
		954297712265C2A900AA8E8F /* HeadlightTests */ = {
			isa = PBXNativeTarget;
			buildConfigurationList = 954297892265C2A900AA8E8F /* Build configuration list for PBXNativeTarget "HeadlightTests" */;
			buildPhases = (
				9542976E2265C2A900AA8E8F /* Sources */,
				9542976F2265C2A900AA8E8F /* Frameworks */,
				954297702265C2A900AA8E8F /* Resources */,
			);
			buildRules = (
			);
			dependencies = (
				954297742265C2A900AA8E8F /* PBXTargetDependency */,
			);
			name = HeadlightTests;
			productName = HeadlightTests;
			productReference = 954297722265C2A900AA8E8F /* HeadlightTests.xctest */;
			productType = "com.apple.product-type.bundle.unit-test";
		};
		9542977C2265C2A900AA8E8F /* HeadlightUITests */ = {
			isa = PBXNativeTarget;
			buildConfigurationList = 9542978C2265C2A900AA8E8F /* Build configuration list for PBXNativeTarget "HeadlightUITests" */;
			buildPhases = (
				954297792265C2A900AA8E8F /* Sources */,
				9542977A2265C2A900AA8E8F /* Frameworks */,
				9542977B2265C2A900AA8E8F /* Resources */,
			);
			buildRules = (
			);
			dependencies = (
				9542977F2265C2A900AA8E8F /* PBXTargetDependency */,
			);
			name = HeadlightUITests;
			productName = HeadlightUITests;
			productReference = 9542977D2265C2A900AA8E8F /* HeadlightUITests.xctest */;
			productType = "com.apple.product-type.bundle.ui-testing";
		};
/* End PBXNativeTarget section */

/* Begin PBXProject section */
		954297532265C2A700AA8E8F /* Project object */ = {
			isa = PBXProject;
			attributes = {
				LastSwiftUpdateCheck = 1010;
				LastUpgradeCheck = 1010;
				ORGANIZATIONNAME = iSchoolMusical;
				TargetAttributes = {
					9542975A2265C2A700AA8E8F = {
						CreatedOnToolsVersion = 10.1;
					};
					954297712265C2A900AA8E8F = {
						CreatedOnToolsVersion = 10.1;
						TestTargetID = 9542975A2265C2A700AA8E8F;
					};
					9542977C2265C2A900AA8E8F = {
						CreatedOnToolsVersion = 10.1;
						TestTargetID = 9542975A2265C2A700AA8E8F;
					};
				};
			};
			buildConfigurationList = 954297562265C2A700AA8E8F /* Build configuration list for PBXProject "Headlight" */;
			compatibilityVersion = "Xcode 9.3";
			developmentRegion = en;
			hasScannedForEncodings = 0;
			knownRegions = (
				en,
				Base,
			);
			mainGroup = 954297522265C2A700AA8E8F;
			productRefGroup = 9542975C2265C2A700AA8E8F /* Products */;
			projectDirPath = "";
			projectRoot = "";
			targets = (
				9542975A2265C2A700AA8E8F /* Headlight */,
				954297712265C2A900AA8E8F /* HeadlightTests */,
				9542977C2265C2A900AA8E8F /* HeadlightUITests */,
			);
		};
/* End PBXProject section */

/* Begin PBXResourcesBuildPhase section */
		954297592265C2A700AA8E8F /* Resources */ = {
			isa = PBXResourcesBuildPhase;
			buildActionMask = 2147483647;
			files = (
				9542976C2265C2A900AA8E8F /* LaunchScreen.storyboard in Resources */,
				954297982265C38800AA8E8F /* Elias.storyboard in Resources */,
				954297962265C37F00AA8E8F /* Janne.storyboard in Resources */,
				954297692265C2A900AA8E8F /* Assets.xcassets in Resources */,
				954297942265C37600AA8E8F /* Tuomas.storyboard in Resources */,
				954297922265C31200AA8E8F /* Mikko.storyboard in Resources */,
				9542979A2265C39500AA8E8F /* Hamed.storyboard in Resources */,
				954297642265C2A700AA8E8F /* Main.storyboard in Resources */,
			);
			runOnlyForDeploymentPostprocessing = 0;
		};
		954297702265C2A900AA8E8F /* Resources */ = {
			isa = PBXResourcesBuildPhase;
			buildActionMask = 2147483647;
			files = (
			);
			runOnlyForDeploymentPostprocessing = 0;
		};
		9542977B2265C2A900AA8E8F /* Resources */ = {
			isa = PBXResourcesBuildPhase;
			buildActionMask = 2147483647;
			files = (
			);
			runOnlyForDeploymentPostprocessing = 0;
		};
/* End PBXResourcesBuildPhase section */

/* Begin PBXSourcesBuildPhase section */
		954297572265C2A700AA8E8F /* Sources */ = {
			isa = PBXSourcesBuildPhase;
			buildActionMask = 2147483647;
			files = (
				9542979E226DB1AC00AA8E8F /* CoreDataHelper.swift in Sources */,
				6AC3C488226F03C000E3C595 /* SignupSkillsViewController.swift in Sources */,
				954297672265C2A700AA8E8F /* Headlight.xcdatamodeld in Sources */,
				6AC3C484226C88D900E3C595 /* SignupSkillsTableViewController.swift in Sources */,
				6A48C545226E12D70079B4A1 /* DataFetcher.swift in Sources */,
				6A48C543226E12BD0079B4A1 /* Structs.swift in Sources */,
				954297B1226DBC7D00AA8E8F /* UserData+CoreDataClass.swift in Sources */,
				954297A8226DB5C700AA8E8F /* Skills.swift in Sources */,
				954297612265C2A700AA8E8F /* ViewController.swift in Sources */,
				954297B2226DBC7D00AA8E8F /* UserData+CoreDataProperties.swift in Sources */,
				9542975F2265C2A700AA8E8F /* AppDelegate.swift in Sources */,
				6AC3C47C226C887700E3C595 /* SignupNameViewController.swift in Sources */,
				954297AE226DBBFF00AA8E8F /* User.swift in Sources */,
			);
			runOnlyForDeploymentPostprocessing = 0;
		};
		9542976E2265C2A900AA8E8F /* Sources */ = {
			isa = PBXSourcesBuildPhase;
			buildActionMask = 2147483647;
			files = (
				954297772265C2A900AA8E8F /* HeadlightTests.swift in Sources */,
				6AC3C48B226F350700E3C595 /* User.swift in Sources */,
				6AC3C47D226C887700E3C595 /* SignupNameViewController.swift in Sources */,
				6AC3C485226C88D900E3C595 /* SignupSkillsTableViewController.swift in Sources */,
				954297B4226DC3D000AA8E8F /* UserCoreDataTests.swift in Sources */,
			);
			runOnlyForDeploymentPostprocessing = 0;
		};
		954297792265C2A900AA8E8F /* Sources */ = {
			isa = PBXSourcesBuildPhase;
			buildActionMask = 2147483647;
			files = (
				954297822265C2A900AA8E8F /* HeadlightUITests.swift in Sources */,
				6AC3C47E226C887700E3C595 /* SignupNameViewController.swift in Sources */,
				6AC3C48C226F350800E3C595 /* User.swift in Sources */,
				6AC3C486226C88D900E3C595 /* SignupSkillsTableViewController.swift in Sources */,
			);
			runOnlyForDeploymentPostprocessing = 0;
		};
/* End PBXSourcesBuildPhase section */

/* Begin PBXTargetDependency section */
		954297742265C2A900AA8E8F /* PBXTargetDependency */ = {
			isa = PBXTargetDependency;
			target = 9542975A2265C2A700AA8E8F /* Headlight */;
			targetProxy = 954297732265C2A900AA8E8F /* PBXContainerItemProxy */;
		};
		9542977F2265C2A900AA8E8F /* PBXTargetDependency */ = {
			isa = PBXTargetDependency;
			target = 9542975A2265C2A700AA8E8F /* Headlight */;
			targetProxy = 9542977E2265C2A900AA8E8F /* PBXContainerItemProxy */;
		};
/* End PBXTargetDependency section */

/* Begin PBXVariantGroup section */
		954297622265C2A700AA8E8F /* Main.storyboard */ = {
			isa = PBXVariantGroup;
			children = (
				954297632265C2A700AA8E8F /* Base */,
			);
			name = Main.storyboard;
			sourceTree = "<group>";
		};
		9542976A2265C2A900AA8E8F /* LaunchScreen.storyboard */ = {
			isa = PBXVariantGroup;
			children = (
				9542976B2265C2A900AA8E8F /* Base */,
			);
			name = LaunchScreen.storyboard;
			sourceTree = "<group>";
		};
/* End PBXVariantGroup section */

/* Begin XCBuildConfiguration section */
		954297842265C2A900AA8E8F /* Debug */ = {
			isa = XCBuildConfiguration;
			buildSettings = {
				ALWAYS_SEARCH_USER_PATHS = NO;
				CLANG_ANALYZER_NONNULL = YES;
				CLANG_ANALYZER_NUMBER_OBJECT_CONVERSION = YES_AGGRESSIVE;
				CLANG_CXX_LANGUAGE_STANDARD = "gnu++14";
				CLANG_CXX_LIBRARY = "libc++";
				CLANG_ENABLE_MODULES = YES;
				CLANG_ENABLE_OBJC_ARC = YES;
				CLANG_ENABLE_OBJC_WEAK = YES;
				CLANG_WARN_BLOCK_CAPTURE_AUTORELEASING = YES;
				CLANG_WARN_BOOL_CONVERSION = YES;
				CLANG_WARN_COMMA = YES;
				CLANG_WARN_CONSTANT_CONVERSION = YES;
				CLANG_WARN_DEPRECATED_OBJC_IMPLEMENTATIONS = YES;
				CLANG_WARN_DIRECT_OBJC_ISA_USAGE = YES_ERROR;
				CLANG_WARN_DOCUMENTATION_COMMENTS = YES;
				CLANG_WARN_EMPTY_BODY = YES;
				CLANG_WARN_ENUM_CONVERSION = YES;
				CLANG_WARN_INFINITE_RECURSION = YES;
				CLANG_WARN_INT_CONVERSION = YES;
				CLANG_WARN_NON_LITERAL_NULL_CONVERSION = YES;
				CLANG_WARN_OBJC_IMPLICIT_RETAIN_SELF = YES;
				CLANG_WARN_OBJC_LITERAL_CONVERSION = YES;
				CLANG_WARN_OBJC_ROOT_CLASS = YES_ERROR;
				CLANG_WARN_RANGE_LOOP_ANALYSIS = YES;
				CLANG_WARN_STRICT_PROTOTYPES = YES;
				CLANG_WARN_SUSPICIOUS_MOVE = YES;
				CLANG_WARN_UNGUARDED_AVAILABILITY = YES_AGGRESSIVE;
				CLANG_WARN_UNREACHABLE_CODE = YES;
				CLANG_WARN__DUPLICATE_METHOD_MATCH = YES;
				CODE_SIGN_IDENTITY = "iPhone Developer";
				COPY_PHASE_STRIP = NO;
				DEBUG_INFORMATION_FORMAT = dwarf;
				ENABLE_STRICT_OBJC_MSGSEND = YES;
				ENABLE_TESTABILITY = YES;
				GCC_C_LANGUAGE_STANDARD = gnu11;
				GCC_DYNAMIC_NO_PIC = NO;
				GCC_NO_COMMON_BLOCKS = YES;
				GCC_OPTIMIZATION_LEVEL = 0;
				GCC_PREPROCESSOR_DEFINITIONS = (
					"DEBUG=1",
					"$(inherited)",
				);
				GCC_WARN_64_TO_32_BIT_CONVERSION = YES;
				GCC_WARN_ABOUT_RETURN_TYPE = YES_ERROR;
				GCC_WARN_UNDECLARED_SELECTOR = YES;
				GCC_WARN_UNINITIALIZED_AUTOS = YES_AGGRESSIVE;
				GCC_WARN_UNUSED_FUNCTION = YES;
				GCC_WARN_UNUSED_VARIABLE = YES;
				IPHONEOS_DEPLOYMENT_TARGET = 12.1;
				MTL_ENABLE_DEBUG_INFO = INCLUDE_SOURCE;
				MTL_FAST_MATH = YES;
				ONLY_ACTIVE_ARCH = YES;
				SDKROOT = iphoneos;
				SWIFT_ACTIVE_COMPILATION_CONDITIONS = DEBUG;
				SWIFT_OPTIMIZATION_LEVEL = "-Onone";
			};
			name = Debug;
		};
		954297852265C2A900AA8E8F /* Release */ = {
			isa = XCBuildConfiguration;
			buildSettings = {
				ALWAYS_SEARCH_USER_PATHS = NO;
				CLANG_ANALYZER_NONNULL = YES;
				CLANG_ANALYZER_NUMBER_OBJECT_CONVERSION = YES_AGGRESSIVE;
				CLANG_CXX_LANGUAGE_STANDARD = "gnu++14";
				CLANG_CXX_LIBRARY = "libc++";
				CLANG_ENABLE_MODULES = YES;
				CLANG_ENABLE_OBJC_ARC = YES;
				CLANG_ENABLE_OBJC_WEAK = YES;
				CLANG_WARN_BLOCK_CAPTURE_AUTORELEASING = YES;
				CLANG_WARN_BOOL_CONVERSION = YES;
				CLANG_WARN_COMMA = YES;
				CLANG_WARN_CONSTANT_CONVERSION = YES;
				CLANG_WARN_DEPRECATED_OBJC_IMPLEMENTATIONS = YES;
				CLANG_WARN_DIRECT_OBJC_ISA_USAGE = YES_ERROR;
				CLANG_WARN_DOCUMENTATION_COMMENTS = YES;
				CLANG_WARN_EMPTY_BODY = YES;
				CLANG_WARN_ENUM_CONVERSION = YES;
				CLANG_WARN_INFINITE_RECURSION = YES;
				CLANG_WARN_INT_CONVERSION = YES;
				CLANG_WARN_NON_LITERAL_NULL_CONVERSION = YES;
				CLANG_WARN_OBJC_IMPLICIT_RETAIN_SELF = YES;
				CLANG_WARN_OBJC_LITERAL_CONVERSION = YES;
				CLANG_WARN_OBJC_ROOT_CLASS = YES_ERROR;
				CLANG_WARN_RANGE_LOOP_ANALYSIS = YES;
				CLANG_WARN_STRICT_PROTOTYPES = YES;
				CLANG_WARN_SUSPICIOUS_MOVE = YES;
				CLANG_WARN_UNGUARDED_AVAILABILITY = YES_AGGRESSIVE;
				CLANG_WARN_UNREACHABLE_CODE = YES;
				CLANG_WARN__DUPLICATE_METHOD_MATCH = YES;
				CODE_SIGN_IDENTITY = "iPhone Developer";
				COPY_PHASE_STRIP = NO;
				DEBUG_INFORMATION_FORMAT = "dwarf-with-dsym";
				ENABLE_NS_ASSERTIONS = NO;
				ENABLE_STRICT_OBJC_MSGSEND = YES;
				GCC_C_LANGUAGE_STANDARD = gnu11;
				GCC_NO_COMMON_BLOCKS = YES;
				GCC_WARN_64_TO_32_BIT_CONVERSION = YES;
				GCC_WARN_ABOUT_RETURN_TYPE = YES_ERROR;
				GCC_WARN_UNDECLARED_SELECTOR = YES;
				GCC_WARN_UNINITIALIZED_AUTOS = YES_AGGRESSIVE;
				GCC_WARN_UNUSED_FUNCTION = YES;
				GCC_WARN_UNUSED_VARIABLE = YES;
				IPHONEOS_DEPLOYMENT_TARGET = 12.1;
				MTL_ENABLE_DEBUG_INFO = NO;
				MTL_FAST_MATH = YES;
				SDKROOT = iphoneos;
				SWIFT_COMPILATION_MODE = wholemodule;
				SWIFT_OPTIMIZATION_LEVEL = "-O";
				VALIDATE_PRODUCT = YES;
			};
			name = Release;
		};
		954297872265C2A900AA8E8F /* Debug */ = {
			isa = XCBuildConfiguration;
			buildSettings = {
				ASSETCATALOG_COMPILER_APPICON_NAME = AppIcon;
				CODE_SIGN_STYLE = Automatic;
				INFOPLIST_FILE = Headlight/Info.plist;
				LD_RUNPATH_SEARCH_PATHS = (
					"$(inherited)",
					"@executable_path/Frameworks",
				);
				PRODUCT_BUNDLE_IDENTIFIER = io.munkkeli.headlight.Headlight;
				PRODUCT_NAME = "$(TARGET_NAME)";
				SWIFT_VERSION = 4.2;
				TARGETED_DEVICE_FAMILY = "1,2";
			};
			name = Debug;
		};
		954297882265C2A900AA8E8F /* Release */ = {
			isa = XCBuildConfiguration;
			buildSettings = {
				ASSETCATALOG_COMPILER_APPICON_NAME = AppIcon;
				CODE_SIGN_STYLE = Automatic;
				INFOPLIST_FILE = Headlight/Info.plist;
				LD_RUNPATH_SEARCH_PATHS = (
					"$(inherited)",
					"@executable_path/Frameworks",
				);
				PRODUCT_BUNDLE_IDENTIFIER = io.munkkeli.headlight.Headlight;
				PRODUCT_NAME = "$(TARGET_NAME)";
				SWIFT_VERSION = 4.2;
				TARGETED_DEVICE_FAMILY = "1,2";
			};
			name = Release;
		};
		9542978A2265C2A900AA8E8F /* Debug */ = {
			isa = XCBuildConfiguration;
			buildSettings = {
				ALWAYS_EMBED_SWIFT_STANDARD_LIBRARIES = YES;
				BUNDLE_LOADER = "$(TEST_HOST)";
				CODE_SIGN_STYLE = Automatic;
				INFOPLIST_FILE = HeadlightTests/Info.plist;
				LD_RUNPATH_SEARCH_PATHS = (
					"$(inherited)",
					"@executable_path/Frameworks",
					"@loader_path/Frameworks",
				);
				PRODUCT_BUNDLE_IDENTIFIER = io.munkkeli.headlight.HeadlightTests;
				PRODUCT_NAME = "$(TARGET_NAME)";
				SWIFT_VERSION = 4.2;
				TARGETED_DEVICE_FAMILY = "1,2";
				TEST_HOST = "$(BUILT_PRODUCTS_DIR)/Headlight.app/Headlight";
			};
			name = Debug;
		};
		9542978B2265C2A900AA8E8F /* Release */ = {
			isa = XCBuildConfiguration;
			buildSettings = {
				ALWAYS_EMBED_SWIFT_STANDARD_LIBRARIES = YES;
				BUNDLE_LOADER = "$(TEST_HOST)";
				CODE_SIGN_STYLE = Automatic;
				INFOPLIST_FILE = HeadlightTests/Info.plist;
				LD_RUNPATH_SEARCH_PATHS = (
					"$(inherited)",
					"@executable_path/Frameworks",
					"@loader_path/Frameworks",
				);
				PRODUCT_BUNDLE_IDENTIFIER = io.munkkeli.headlight.HeadlightTests;
				PRODUCT_NAME = "$(TARGET_NAME)";
				SWIFT_VERSION = 4.2;
				TARGETED_DEVICE_FAMILY = "1,2";
				TEST_HOST = "$(BUILT_PRODUCTS_DIR)/Headlight.app/Headlight";
			};
			name = Release;
		};
		9542978D2265C2A900AA8E8F /* Debug */ = {
			isa = XCBuildConfiguration;
			buildSettings = {
				ALWAYS_EMBED_SWIFT_STANDARD_LIBRARIES = YES;
				CODE_SIGN_STYLE = Automatic;
				INFOPLIST_FILE = HeadlightUITests/Info.plist;
				LD_RUNPATH_SEARCH_PATHS = (
					"$(inherited)",
					"@executable_path/Frameworks",
					"@loader_path/Frameworks",
				);
				PRODUCT_BUNDLE_IDENTIFIER = io.munkkeli.headlight.HeadlightUITests;
				PRODUCT_NAME = "$(TARGET_NAME)";
				SWIFT_VERSION = 4.2;
				TARGETED_DEVICE_FAMILY = "1,2";
				TEST_TARGET_NAME = Headlight;
			};
			name = Debug;
		};
		9542978E2265C2A900AA8E8F /* Release */ = {
			isa = XCBuildConfiguration;
			buildSettings = {
				ALWAYS_EMBED_SWIFT_STANDARD_LIBRARIES = YES;
				CODE_SIGN_STYLE = Automatic;
				INFOPLIST_FILE = HeadlightUITests/Info.plist;
				LD_RUNPATH_SEARCH_PATHS = (
					"$(inherited)",
					"@executable_path/Frameworks",
					"@loader_path/Frameworks",
				);
				PRODUCT_BUNDLE_IDENTIFIER = io.munkkeli.headlight.HeadlightUITests;
				PRODUCT_NAME = "$(TARGET_NAME)";
				SWIFT_VERSION = 4.2;
				TARGETED_DEVICE_FAMILY = "1,2";
				TEST_TARGET_NAME = Headlight;
			};
			name = Release;
		};
/* End XCBuildConfiguration section */

/* Begin XCConfigurationList section */
		954297562265C2A700AA8E8F /* Build configuration list for PBXProject "Headlight" */ = {
			isa = XCConfigurationList;
			buildConfigurations = (
				954297842265C2A900AA8E8F /* Debug */,
				954297852265C2A900AA8E8F /* Release */,
			);
			defaultConfigurationIsVisible = 0;
			defaultConfigurationName = Release;
		};
		954297862265C2A900AA8E8F /* Build configuration list for PBXNativeTarget "Headlight" */ = {
			isa = XCConfigurationList;
			buildConfigurations = (
				954297872265C2A900AA8E8F /* Debug */,
				954297882265C2A900AA8E8F /* Release */,
			);
			defaultConfigurationIsVisible = 0;
			defaultConfigurationName = Release;
		};
		954297892265C2A900AA8E8F /* Build configuration list for PBXNativeTarget "HeadlightTests" */ = {
			isa = XCConfigurationList;
			buildConfigurations = (
				9542978A2265C2A900AA8E8F /* Debug */,
				9542978B2265C2A900AA8E8F /* Release */,
			);
			defaultConfigurationIsVisible = 0;
			defaultConfigurationName = Release;
		};
		9542978C2265C2A900AA8E8F /* Build configuration list for PBXNativeTarget "HeadlightUITests" */ = {
			isa = XCConfigurationList;
			buildConfigurations = (
				9542978D2265C2A900AA8E8F /* Debug */,
				9542978E2265C2A900AA8E8F /* Release */,
			);
			defaultConfigurationIsVisible = 0;
			defaultConfigurationName = Release;
		};
/* End XCConfigurationList section */

/* Begin XCVersionGroup section */
		954297652265C2A700AA8E8F /* Headlight.xcdatamodeld */ = {
			isa = XCVersionGroup;
			children = (
				954297662265C2A700AA8E8F /* Headlight.xcdatamodel */,
			);
			currentVersion = 954297662265C2A700AA8E8F /* Headlight.xcdatamodel */;
			path = Headlight.xcdatamodeld;
			sourceTree = "<group>";
			versionGroupType = wrapper.xcdatamodel;
		};
/* End XCVersionGroup section */
	};
	rootObject = 954297532265C2A700AA8E8F /* Project object */;
}
